// !$*UTF8*$!
{
	archiveVersion = 1;
	classes = {
	};
	objectVersion = 77;
	objects = {

/* Begin PBXBuildFile section */
		92882B4D2E21CE9B001BF657 /* WidgetKit.framework in Frameworks */ = {isa = PBXBuildFile; fileRef = 92882B4C2E21CE9B001BF657 /* WidgetKit.framework */; };
		92882B4F2E21CE9B001BF657 /* SwiftUI.framework in Frameworks */ = {isa = PBXBuildFile; fileRef = 92882B4E2E21CE9B001BF657 /* SwiftUI.framework */; };
		92882B602E21CE9E001BF657 /* VoiceNotesWidgetExtension.appex in Embed Foundation Extensions */ = {isa = PBXBuildFile; fileRef = 92882B4A2E21CE9B001BF657 /* VoiceNotesWidgetExtension.appex */; settings = {ATTRIBUTES = (RemoveHeadersOnCopy, ); }; };
/* End PBXBuildFile section */

/* Begin PBXContainerItemProxy section */
		92882B5E2E21CE9E001BF657 /* PBXContainerItemProxy */ = {
			isa = PBXContainerItemProxy;
			containerPortal = 929A9D572E1BFDD700E3CCB9 /* Project object */;
			proxyType = 1;
			remoteGlobalIDString = 92882B492E21CE9B001BF657;
			remoteInfo = VoiceNotesWidgetExtension;
		};
		929A9D6F2E1BFDD800E3CCB9 /* PBXContainerItemProxy */ = {
			isa = PBXContainerItemProxy;
			containerPortal = 929A9D572E1BFDD700E3CCB9 /* Project object */;
			proxyType = 1;
			remoteGlobalIDString = 929A9D5E2E1BFDD700E3CCB9;
			remoteInfo = VoiceNotes;
		};
		929A9D792E1BFDD800E3CCB9 /* PBXContainerItemProxy */ = {
			isa = PBXContainerItemProxy;
			containerPortal = 929A9D572E1BFDD700E3CCB9 /* Project object */;
			proxyType = 1;
			remoteGlobalIDString = 929A9D5E2E1BFDD700E3CCB9;
			remoteInfo = VoiceNotes;
		};
/* End PBXContainerItemProxy section */

/* Begin PBXCopyFilesBuildPhase section */
		92882B612E21CE9E001BF657 /* Embed Foundation Extensions */ = {
			isa = PBXCopyFilesBuildPhase;
			buildActionMask = 2147483647;
			dstPath = "";
			dstSubfolderSpec = 13;
			files = (
				92882B602E21CE9E001BF657 /* VoiceNotesWidgetExtension.appex in Embed Foundation Extensions */,
			);
			name = "Embed Foundation Extensions";
			runOnlyForDeploymentPostprocessing = 0;
		};
/* End PBXCopyFilesBuildPhase section */

/* Begin PBXFileReference section */
		92882B4A2E21CE9B001BF657 /* VoiceNotesWidgetExtension.appex */ = {isa = PBXFileReference; explicitFileType = "wrapper.app-extension"; includeInIndex = 0; path = VoiceNotesWidgetExtension.appex; sourceTree = BUILT_PRODUCTS_DIR; };
		92882B4C2E21CE9B001BF657 /* WidgetKit.framework */ = {isa = PBXFileReference; lastKnownFileType = wrapper.framework; name = WidgetKit.framework; path = System/Library/Frameworks/WidgetKit.framework; sourceTree = SDKROOT; };
		92882B4E2E21CE9B001BF657 /* SwiftUI.framework */ = {isa = PBXFileReference; lastKnownFileType = wrapper.framework; name = SwiftUI.framework; path = System/Library/Frameworks/SwiftUI.framework; sourceTree = SDKROOT; };
		929A9D5F2E1BFDD700E3CCB9 /* VoiceNotes.app */ = {isa = PBXFileReference; explicitFileType = wrapper.application; includeInIndex = 0; path = VoiceNotes.app; sourceTree = BUILT_PRODUCTS_DIR; };
		929A9D6E2E1BFDD800E3CCB9 /* VoiceNotesTests.xctest */ = {isa = PBXFileReference; explicitFileType = wrapper.cfbundle; includeInIndex = 0; path = VoiceNotesTests.xctest; sourceTree = BUILT_PRODUCTS_DIR; };
		929A9D782E1BFDD800E3CCB9 /* VoiceNotesUITests.xctest */ = {isa = PBXFileReference; explicitFileType = wrapper.cfbundle; includeInIndex = 0; path = VoiceNotesUITests.xctest; sourceTree = BUILT_PRODUCTS_DIR; };
/* End PBXFileReference section */

/* Begin PBXFileSystemSynchronizedBuildFileExceptionSet section */
		92882B652E21CE9E001BF657 /* Exceptions for "VoiceNotesWidget" folder in "VoiceNotesWidgetExtension" target */ = {
			isa = PBXFileSystemSynchronizedBuildFileExceptionSet;
			membershipExceptions = (
				Info.plist,
			);
			target = 92882B492E21CE9B001BF657 /* VoiceNotesWidgetExtension */;
		};
		92882B682E21CF9D001BF657 /* Exceptions for "VoiceNotes" folder in "VoiceNotesWidgetExtension" target */ = {
			isa = PBXFileSystemSynchronizedBuildFileExceptionSet;
			membershipExceptions = (
				Helpers/Extensions.swift,
				Models/AudioQuality.swift,
				Models/Recording.swift,
				Services/AudioRecorder.swift,
			);
			target = 92882B492E21CE9B001BF657 /* VoiceNotesWidgetExtension */;
		};
		929A9DA72E1C068B00E3CCB9 /* Exceptions for "VoiceNotes" folder in "VoiceNotes" target */ = {
			isa = PBXFileSystemSynchronizedBuildFileExceptionSet;
			membershipExceptions = (
				Info.plist,
			);
			target = 929A9D5E2E1BFDD700E3CCB9 /* VoiceNotes */;
		};
/* End PBXFileSystemSynchronizedBuildFileExceptionSet section */

/* Begin PBXFileSystemSynchronizedRootGroup section */
		92882B502E21CE9B001BF657 /* VoiceNotesWidget */ = {
			isa = PBXFileSystemSynchronizedRootGroup;
			exceptions = (
				92882B652E21CE9E001BF657 /* Exceptions for "VoiceNotesWidget" folder in "VoiceNotesWidgetExtension" target */,
			);
			path = VoiceNotesWidget;
			sourceTree = "<group>";
		};
		92882B6D2E21D0AB001BF657 /* Shared */ = {
			isa = PBXFileSystemSynchronizedRootGroup;
			path = Shared;
			sourceTree = "<group>";
		};
		929A9D612E1BFDD700E3CCB9 /* VoiceNotes */ = {
			isa = PBXFileSystemSynchronizedRootGroup;
			exceptions = (
				929A9DA72E1C068B00E3CCB9 /* Exceptions for "VoiceNotes" folder in "VoiceNotes" target */,
				92882B682E21CF9D001BF657 /* Exceptions for "VoiceNotes" folder in "VoiceNotesWidgetExtension" target */,
			);
			path = VoiceNotes;
			sourceTree = "<group>";
		};
		929A9D712E1BFDD800E3CCB9 /* VoiceNotesTests */ = {
			isa = PBXFileSystemSynchronizedRootGroup;
			path = VoiceNotesTests;
			sourceTree = "<group>";
		};
		929A9D7B2E1BFDD800E3CCB9 /* VoiceNotesUITests */ = {
			isa = PBXFileSystemSynchronizedRootGroup;
			path = VoiceNotesUITests;
			sourceTree = "<group>";
		};
/* End PBXFileSystemSynchronizedRootGroup section */

/* Begin PBXFrameworksBuildPhase section */
		92882B472E21CE9B001BF657 /* Frameworks */ = {
			isa = PBXFrameworksBuildPhase;
			buildActionMask = 2147483647;
			files = (
				92882B4F2E21CE9B001BF657 /* SwiftUI.framework in Frameworks */,
				92882B4D2E21CE9B001BF657 /* WidgetKit.framework in Frameworks */,
			);
			runOnlyForDeploymentPostprocessing = 0;
		};
		929A9D5C2E1BFDD700E3CCB9 /* Frameworks */ = {
			isa = PBXFrameworksBuildPhase;
			buildActionMask = 2147483647;
			files = (
			);
			runOnlyForDeploymentPostprocessing = 0;
		};
		929A9D6B2E1BFDD800E3CCB9 /* Frameworks */ = {
			isa = PBXFrameworksBuildPhase;
			buildActionMask = 2147483647;
			files = (
			);
			runOnlyForDeploymentPostprocessing = 0;
		};
		929A9D752E1BFDD800E3CCB9 /* Frameworks */ = {
			isa = PBXFrameworksBuildPhase;
			buildActionMask = 2147483647;
			files = (
			);
			runOnlyForDeploymentPostprocessing = 0;
		};
/* End PBXFrameworksBuildPhase section */

/* Begin PBXGroup section */
		92882B4B2E21CE9B001BF657 /* Frameworks */ = {
			isa = PBXGroup;
			children = (
				92882B4C2E21CE9B001BF657 /* WidgetKit.framework */,
				92882B4E2E21CE9B001BF657 /* SwiftUI.framework */,
			);
			name = Frameworks;
			sourceTree = "<group>";
		};
		929A9D562E1BFDD700E3CCB9 = {
			isa = PBXGroup;
			children = (
				92882B6D2E21D0AB001BF657 /* Shared */,
				929A9D612E1BFDD700E3CCB9 /* VoiceNotes */,
				929A9D712E1BFDD800E3CCB9 /* VoiceNotesTests */,
				929A9D7B2E1BFDD800E3CCB9 /* VoiceNotesUITests */,
				92882B502E21CE9B001BF657 /* VoiceNotesWidget */,
				92882B4B2E21CE9B001BF657 /* Frameworks */,
				929A9D602E1BFDD700E3CCB9 /* Products */,
			);
			sourceTree = "<group>";
		};
		929A9D602E1BFDD700E3CCB9 /* Products */ = {
			isa = PBXGroup;
			children = (
				929A9D5F2E1BFDD700E3CCB9 /* VoiceNotes.app */,
				929A9D6E2E1BFDD800E3CCB9 /* VoiceNotesTests.xctest */,
				929A9D782E1BFDD800E3CCB9 /* VoiceNotesUITests.xctest */,
				92882B4A2E21CE9B001BF657 /* VoiceNotesWidgetExtension.appex */,
			);
			name = Products;
			sourceTree = "<group>";
		};
/* End PBXGroup section */

/* Begin PBXNativeTarget section */
		92882B492E21CE9B001BF657 /* VoiceNotesWidgetExtension */ = {
			isa = PBXNativeTarget;
			buildConfigurationList = 92882B642E21CE9E001BF657 /* Build configuration list for PBXNativeTarget "VoiceNotesWidgetExtension" */;
			buildPhases = (
				92882B462E21CE9B001BF657 /* Sources */,
				92882B472E21CE9B001BF657 /* Frameworks */,
				92882B482E21CE9B001BF657 /* Resources */,
			);
			buildRules = (
			);
			dependencies = (
			);
			fileSystemSynchronizedGroups = (
				92882B502E21CE9B001BF657 /* VoiceNotesWidget */,
				92882B6D2E21D0AB001BF657 /* Shared */,
			);
			name = VoiceNotesWidgetExtension;
			packageProductDependencies = (
			);
			productName = VoiceNotesWidgetExtension;
			productReference = 92882B4A2E21CE9B001BF657 /* VoiceNotesWidgetExtension.appex */;
			productType = "com.apple.product-type.app-extension";
		};
		929A9D5E2E1BFDD700E3CCB9 /* VoiceNotes */ = {
			isa = PBXNativeTarget;
			buildConfigurationList = 929A9D822E1BFDD800E3CCB9 /* Build configuration list for PBXNativeTarget "VoiceNotes" */;
			buildPhases = (
				929A9D5B2E1BFDD700E3CCB9 /* Sources */,
				929A9D5C2E1BFDD700E3CCB9 /* Frameworks */,
				929A9D5D2E1BFDD700E3CCB9 /* Resources */,
				92882B612E21CE9E001BF657 /* Embed Foundation Extensions */,
			);
			buildRules = (
			);
			dependencies = (
				92882B5F2E21CE9E001BF657 /* PBXTargetDependency */,
			);
			fileSystemSynchronizedGroups = (
				92882B6D2E21D0AB001BF657 /* Shared */,
				929A9D612E1BFDD700E3CCB9 /* VoiceNotes */,
			);
			name = VoiceNotes;
			packageProductDependencies = (
			);
			productName = VoiceNotes;
			productReference = 929A9D5F2E1BFDD700E3CCB9 /* VoiceNotes.app */;
			productType = "com.apple.product-type.application";
		};
		929A9D6D2E1BFDD800E3CCB9 /* VoiceNotesTests */ = {
			isa = PBXNativeTarget;
			buildConfigurationList = 929A9D852E1BFDD800E3CCB9 /* Build configuration list for PBXNativeTarget "VoiceNotesTests" */;
			buildPhases = (
				929A9D6A2E1BFDD800E3CCB9 /* Sources */,
				929A9D6B2E1BFDD800E3CCB9 /* Frameworks */,
				929A9D6C2E1BFDD800E3CCB9 /* Resources */,
			);
			buildRules = (
			);
			dependencies = (
				929A9D702E1BFDD800E3CCB9 /* PBXTargetDependency */,
			);
			fileSystemSynchronizedGroups = (
				929A9D712E1BFDD800E3CCB9 /* VoiceNotesTests */,
			);
			name = VoiceNotesTests;
			packageProductDependencies = (
			);
			productName = VoiceNotesTests;
			productReference = 929A9D6E2E1BFDD800E3CCB9 /* VoiceNotesTests.xctest */;
			productType = "com.apple.product-type.bundle.unit-test";
		};
		929A9D772E1BFDD800E3CCB9 /* VoiceNotesUITests */ = {
			isa = PBXNativeTarget;
			buildConfigurationList = 929A9D882E1BFDD800E3CCB9 /* Build configuration list for PBXNativeTarget "VoiceNotesUITests" */;
			buildPhases = (
				929A9D742E1BFDD800E3CCB9 /* Sources */,
				929A9D752E1BFDD800E3CCB9 /* Frameworks */,
				929A9D762E1BFDD800E3CCB9 /* Resources */,
			);
			buildRules = (
			);
			dependencies = (
				929A9D7A2E1BFDD800E3CCB9 /* PBXTargetDependency */,
			);
			fileSystemSynchronizedGroups = (
				929A9D7B2E1BFDD800E3CCB9 /* VoiceNotesUITests */,
			);
			name = VoiceNotesUITests;
			packageProductDependencies = (
			);
			productName = VoiceNotesUITests;
			productReference = 929A9D782E1BFDD800E3CCB9 /* VoiceNotesUITests.xctest */;
			productType = "com.apple.product-type.bundle.ui-testing";
		};
/* End PBXNativeTarget section */

/* Begin PBXProject section */
		929A9D572E1BFDD700E3CCB9 /* Project object */ = {
			isa = PBXProject;
			attributes = {
				BuildIndependentTargetsInParallel = 1;
				LastSwiftUpdateCheck = 1640;
				LastUpgradeCheck = 1640;
				TargetAttributes = {
					92882B492E21CE9B001BF657 = {
						CreatedOnToolsVersion = 16.4;
					};
					929A9D5E2E1BFDD700E3CCB9 = {
						CreatedOnToolsVersion = 16.4;
					};
					929A9D6D2E1BFDD800E3CCB9 = {
						CreatedOnToolsVersion = 16.4;
						TestTargetID = 929A9D5E2E1BFDD700E3CCB9;
					};
					929A9D772E1BFDD800E3CCB9 = {
						CreatedOnToolsVersion = 16.4;
						TestTargetID = 929A9D5E2E1BFDD700E3CCB9;
					};
				};
			};
			buildConfigurationList = 929A9D5A2E1BFDD700E3CCB9 /* Build configuration list for PBXProject "VoiceNotes" */;
			developmentRegion = en;
			hasScannedForEncodings = 0;
			knownRegions = (
				en,
				Base,
			);
			mainGroup = 929A9D562E1BFDD700E3CCB9;
			minimizedProjectReferenceProxies = 1;
			packageReferences = (
			);
			preferredProjectObjectVersion = 77;
			productRefGroup = 929A9D602E1BFDD700E3CCB9 /* Products */;
			projectDirPath = "";
			projectRoot = "";
			targets = (
				929A9D5E2E1BFDD700E3CCB9 /* VoiceNotes */,
				929A9D6D2E1BFDD800E3CCB9 /* VoiceNotesTests */,
				929A9D772E1BFDD800E3CCB9 /* VoiceNotesUITests */,
				92882B492E21CE9B001BF657 /* VoiceNotesWidgetExtension */,
			);
		};
/* End PBXProject section */

/* Begin PBXResourcesBuildPhase section */
		92882B482E21CE9B001BF657 /* Resources */ = {
			isa = PBXResourcesBuildPhase;
			buildActionMask = 2147483647;
			files = (
			);
			runOnlyForDeploymentPostprocessing = 0;
		};
		929A9D5D2E1BFDD700E3CCB9 /* Resources */ = {
			isa = PBXResourcesBuildPhase;
			buildActionMask = 2147483647;
			files = (
			);
			runOnlyForDeploymentPostprocessing = 0;
		};
		929A9D6C2E1BFDD800E3CCB9 /* Resources */ = {
			isa = PBXResourcesBuildPhase;
			buildActionMask = 2147483647;
			files = (
			);
			runOnlyForDeploymentPostprocessing = 0;
		};
		929A9D762E1BFDD800E3CCB9 /* Resources */ = {
			isa = PBXResourcesBuildPhase;
			buildActionMask = 2147483647;
			files = (
			);
			runOnlyForDeploymentPostprocessing = 0;
		};
/* End PBXResourcesBuildPhase section */

/* Begin PBXSourcesBuildPhase section */
		92882B462E21CE9B001BF657 /* Sources */ = {
			isa = PBXSourcesBuildPhase;
			buildActionMask = 2147483647;
			files = (
			);
			runOnlyForDeploymentPostprocessing = 0;
		};
		929A9D5B2E1BFDD700E3CCB9 /* Sources */ = {
			isa = PBXSourcesBuildPhase;
			buildActionMask = 2147483647;
			files = (
			);
			runOnlyForDeploymentPostprocessing = 0;
		};
		929A9D6A2E1BFDD800E3CCB9 /* Sources */ = {
			isa = PBXSourcesBuildPhase;
			buildActionMask = 2147483647;
			files = (
			);
			runOnlyForDeploymentPostprocessing = 0;
		};
		929A9D742E1BFDD800E3CCB9 /* Sources */ = {
			isa = PBXSourcesBuildPhase;
			buildActionMask = 2147483647;
			files = (
			);
			runOnlyForDeploymentPostprocessing = 0;
		};
/* End PBXSourcesBuildPhase section */

/* Begin PBXTargetDependency section */
		92882B5F2E21CE9E001BF657 /* PBXTargetDependency */ = {
			isa = PBXTargetDependency;
			target = 92882B492E21CE9B001BF657 /* VoiceNotesWidgetExtension */;
			targetProxy = 92882B5E2E21CE9E001BF657 /* PBXContainerItemProxy */;
		};
		929A9D702E1BFDD800E3CCB9 /* PBXTargetDependency */ = {
			isa = PBXTargetDependency;
			target = 929A9D5E2E1BFDD700E3CCB9 /* VoiceNotes */;
			targetProxy = 929A9D6F2E1BFDD800E3CCB9 /* PBXContainerItemProxy */;
		};
		929A9D7A2E1BFDD800E3CCB9 /* PBXTargetDependency */ = {
			isa = PBXTargetDependency;
			target = 929A9D5E2E1BFDD700E3CCB9 /* VoiceNotes */;
			targetProxy = 929A9D792E1BFDD800E3CCB9 /* PBXContainerItemProxy */;
		};
/* End PBXTargetDependency section */

/* Begin XCBuildConfiguration section */
		92882B622E21CE9E001BF657 /* Debug */ = {
			isa = XCBuildConfiguration;
			buildSettings = {
				ASSETCATALOG_COMPILER_GLOBAL_ACCENT_COLOR_NAME = AccentColor;
				ASSETCATALOG_COMPILER_WIDGET_BACKGROUND_COLOR_NAME = WidgetBackground;
				CODE_SIGN_ENTITLEMENTS = VoiceNotesWidget/VoiceNotesWidgetExtension.entitlements;
				CODE_SIGN_STYLE = Automatic;
				CURRENT_PROJECT_VERSION = 1;
				DEVELOPMENT_TEAM = Z5GPX9NT7Z;
				GENERATE_INFOPLIST_FILE = YES;
				INFOPLIST_FILE = VoiceNotesWidget/Info.plist;
				INFOPLIST_KEY_CFBundleDisplayName = VoiceNotesWidget;
				INFOPLIST_KEY_NSHumanReadableCopyright = "";
				LD_RUNPATH_SEARCH_PATHS = (
					"$(inherited)",
					"@executable_path/Frameworks",
					"@executable_path/../../Frameworks",
				);
				MARKETING_VERSION = 1.0;
				PRODUCT_BUNDLE_IDENTIFIER = com.jonathan.VoiceNotes.VoiceNotesWidget;
				PRODUCT_NAME = "$(TARGET_NAME)";
				SKIP_INSTALL = YES;
				SWIFT_EMIT_LOC_STRINGS = YES;
				SWIFT_VERSION = 5.0;
				TARGETED_DEVICE_FAMILY = "1,2";
			};
			name = Debug;
		};
		92882B632E21CE9E001BF657 /* Release */ = {
			isa = XCBuildConfiguration;
			buildSettings = {
				ASSETCATALOG_COMPILER_GLOBAL_ACCENT_COLOR_NAME = AccentColor;
				ASSETCATALOG_COMPILER_WIDGET_BACKGROUND_COLOR_NAME = WidgetBackground;
				CODE_SIGN_ENTITLEMENTS = VoiceNotesWidget/VoiceNotesWidgetExtension.entitlements;
				CODE_SIGN_STYLE = Automatic;
				CURRENT_PROJECT_VERSION = 1;
				DEVELOPMENT_TEAM = Z5GPX9NT7Z;
				GENERATE_INFOPLIST_FILE = YES;
				INFOPLIST_FILE = VoiceNotesWidget/Info.plist;
				INFOPLIST_KEY_CFBundleDisplayName = VoiceNotesWidget;
				INFOPLIST_KEY_NSHumanReadableCopyright = "";
				LD_RUNPATH_SEARCH_PATHS = (
					"$(inherited)",
					"@executable_path/Frameworks",
					"@executable_path/../../Frameworks",
				);
				MARKETING_VERSION = 1.0;
				PRODUCT_BUNDLE_IDENTIFIER = com.jonathan.VoiceNotes.VoiceNotesWidget;
				PRODUCT_NAME = "$(TARGET_NAME)";
				SKIP_INSTALL = YES;
				SWIFT_EMIT_LOC_STRINGS = YES;
				SWIFT_VERSION = 5.0;
				TARGETED_DEVICE_FAMILY = "1,2";
			};
			name = Release;
		};
		929A9D802E1BFDD800E3CCB9 /* Debug */ = {
			isa = XCBuildConfiguration;
			buildSettings = {
				ALWAYS_SEARCH_USER_PATHS = NO;
				ASSETCATALOG_COMPILER_GENERATE_SWIFT_ASSET_SYMBOL_EXTENSIONS = YES;
				CLANG_ANALYZER_NONNULL = YES;
				CLANG_ANALYZER_NUMBER_OBJECT_CONVERSION = YES_AGGRESSIVE;
				CLANG_CXX_LANGUAGE_STANDARD = "gnu++20";
				CLANG_ENABLE_MODULES = YES;
				CLANG_ENABLE_OBJC_ARC = YES;
				CLANG_ENABLE_OBJC_WEAK = YES;
				CLANG_WARN_BLOCK_CAPTURE_AUTORELEASING = YES;
				CLANG_WARN_BOOL_CONVERSION = YES;
				CLANG_WARN_COMMA = YES;
				CLANG_WARN_CONSTANT_CONVERSION = YES;
				CLANG_WARN_DEPRECATED_OBJC_IMPLEMENTATIONS = YES;
				CLANG_WARN_DIRECT_OBJC_ISA_USAGE = YES_ERROR;
				CLANG_WARN_DOCUMENTATION_COMMENTS = YES;
				CLANG_WARN_EMPTY_BODY = YES;
				CLANG_WARN_ENUM_CONVERSION = YES;
				CLANG_WARN_INFINITE_RECURSION = YES;
				CLANG_WARN_INT_CONVERSION = YES;
				CLANG_WARN_NON_LITERAL_NULL_CONVERSION = YES;
				CLANG_WARN_OBJC_IMPLICIT_RETAIN_SELF = YES;
				CLANG_WARN_OBJC_LITERAL_CONVERSION = YES;
				CLANG_WARN_OBJC_ROOT_CLASS = YES_ERROR;
				CLANG_WARN_QUOTED_INCLUDE_IN_FRAMEWORK_HEADER = YES;
				CLANG_WARN_RANGE_LOOP_ANALYSIS = YES;
				CLANG_WARN_STRICT_PROTOTYPES = YES;
				CLANG_WARN_SUSPICIOUS_MOVE = YES;
				CLANG_WARN_UNGUARDED_AVAILABILITY = YES_AGGRESSIVE;
				CLANG_WARN_UNREACHABLE_CODE = YES;
				CLANG_WARN__DUPLICATE_METHOD_MATCH = YES;
				COPY_PHASE_STRIP = NO;
				DEBUG_INFORMATION_FORMAT = dwarf;
				DEVELOPMENT_TEAM = Z5GPX9NT7Z;
				ENABLE_STRICT_OBJC_MSGSEND = YES;
				ENABLE_TESTABILITY = YES;
				ENABLE_USER_SCRIPT_SANDBOXING = YES;
				GCC_C_LANGUAGE_STANDARD = gnu17;
				GCC_DYNAMIC_NO_PIC = NO;
				GCC_NO_COMMON_BLOCKS = YES;
				GCC_OPTIMIZATION_LEVEL = 0;
				GCC_PREPROCESSOR_DEFINITIONS = (
					"DEBUG=1",
					"$(inherited)",
				);
				GCC_WARN_64_TO_32_BIT_CONVERSION = YES;
				GCC_WARN_ABOUT_RETURN_TYPE = YES_ERROR;
				GCC_WARN_UNDECLARED_SELECTOR = YES;
				GCC_WARN_UNINITIALIZED_AUTOS = YES_AGGRESSIVE;
				GCC_WARN_UNUSED_FUNCTION = YES;
				GCC_WARN_UNUSED_VARIABLE = YES;
				IPHONEOS_DEPLOYMENT_TARGET = 18.5;
				LOCALIZATION_PREFERS_STRING_CATALOGS = YES;
				MTL_ENABLE_DEBUG_INFO = INCLUDE_SOURCE;
				MTL_FAST_MATH = YES;
				ONLY_ACTIVE_ARCH = YES;
				SDKROOT = iphoneos;
				SWIFT_ACTIVE_COMPILATION_CONDITIONS = "DEBUG $(inherited)";
				SWIFT_OPTIMIZATION_LEVEL = "-Onone";
			};
			name = Debug;
		};
		929A9D812E1BFDD800E3CCB9 /* Release */ = {
			isa = XCBuildConfiguration;
			buildSettings = {
				ALWAYS_SEARCH_USER_PATHS = NO;
				ASSETCATALOG_COMPILER_GENERATE_SWIFT_ASSET_SYMBOL_EXTENSIONS = YES;
				CLANG_ANALYZER_NONNULL = YES;
				CLANG_ANALYZER_NUMBER_OBJECT_CONVERSION = YES_AGGRESSIVE;
				CLANG_CXX_LANGUAGE_STANDARD = "gnu++20";
				CLANG_ENABLE_MODULES = YES;
				CLANG_ENABLE_OBJC_ARC = YES;
				CLANG_ENABLE_OBJC_WEAK = YES;
				CLANG_WARN_BLOCK_CAPTURE_AUTORELEASING = YES;
				CLANG_WARN_BOOL_CONVERSION = YES;
				CLANG_WARN_COMMA = YES;
				CLANG_WARN_CONSTANT_CONVERSION = YES;
				CLANG_WARN_DEPRECATED_OBJC_IMPLEMENTATIONS = YES;
				CLANG_WARN_DIRECT_OBJC_ISA_USAGE = YES_ERROR;
				CLANG_WARN_DOCUMENTATION_COMMENTS = YES;
				CLANG_WARN_EMPTY_BODY = YES;
				CLANG_WARN_ENUM_CONVERSION = YES;
				CLANG_WARN_INFINITE_RECURSION = YES;
				CLANG_WARN_INT_CONVERSION = YES;
				CLANG_WARN_NON_LITERAL_NULL_CONVERSION = YES;
				CLANG_WARN_OBJC_IMPLICIT_RETAIN_SELF = YES;
				CLANG_WARN_OBJC_LITERAL_CONVERSION = YES;
				CLANG_WARN_OBJC_ROOT_CLASS = YES_ERROR;
				CLANG_WARN_QUOTED_INCLUDE_IN_FRAMEWORK_HEADER = YES;
				CLANG_WARN_RANGE_LOOP_ANALYSIS = YES;
				CLANG_WARN_STRICT_PROTOTYPES = YES;
				CLANG_WARN_SUSPICIOUS_MOVE = YES;
				CLANG_WARN_UNGUARDED_AVAILABILITY = YES_AGGRESSIVE;
				CLANG_WARN_UNREACHABLE_CODE = YES;
				CLANG_WARN__DUPLICATE_METHOD_MATCH = YES;
				COPY_PHASE_STRIP = NO;
				DEBUG_INFORMATION_FORMAT = "dwarf-with-dsym";
				DEVELOPMENT_TEAM = Z5GPX9NT7Z;
				ENABLE_NS_ASSERTIONS = NO;
				ENABLE_STRICT_OBJC_MSGSEND = YES;
				ENABLE_USER_SCRIPT_SANDBOXING = YES;
				GCC_C_LANGUAGE_STANDARD = gnu17;
				GCC_NO_COMMON_BLOCKS = YES;
				GCC_WARN_64_TO_32_BIT_CONVERSION = YES;
				GCC_WARN_ABOUT_RETURN_TYPE = YES_ERROR;
				GCC_WARN_UNDECLARED_SELECTOR = YES;
				GCC_WARN_UNINITIALIZED_AUTOS = YES_AGGRESSIVE;
				GCC_WARN_UNUSED_FUNCTION = YES;
				GCC_WARN_UNUSED_VARIABLE = YES;
				IPHONEOS_DEPLOYMENT_TARGET = 18.5;
				LOCALIZATION_PREFERS_STRING_CATALOGS = YES;
				MTL_ENABLE_DEBUG_INFO = NO;
				MTL_FAST_MATH = YES;
				SDKROOT = iphoneos;
				SWIFT_COMPILATION_MODE = wholemodule;
				VALIDATE_PRODUCT = YES;
			};
			name = Release;
		};
		929A9D832E1BFDD800E3CCB9 /* Debug */ = {
			isa = XCBuildConfiguration;
			buildSettings = {
				ASSETCATALOG_COMPILER_APPICON_NAME = AppIcon;
				ASSETCATALOG_COMPILER_GLOBAL_ACCENT_COLOR_NAME = AccentColor;
				CODE_SIGN_ENTITLEMENTS = VoiceNotes/VoiceNotes.entitlements;
				CODE_SIGN_STYLE = Automatic;
				CURRENT_PROJECT_VERSION = 1;
				DEVELOPMENT_TEAM = Z5GPX9NT7Z;
				ENABLE_PREVIEWS = YES;
				GENERATE_INFOPLIST_FILE = YES;
				INFOPLIST_FILE = VoiceNotes/Info.plist;
				INFOPLIST_KEY_LSApplicationCategoryType = "public.app-category.utilities";
				INFOPLIST_KEY_NSMicrophoneUsageDescription = "Used to record your voice notes.";
				INFOPLIST_KEY_NSSpeechRecognitionUsageDescription = "Used to transcribe your voice memos.";
				INFOPLIST_KEY_NSSupportsLiveActivities = YES;
				INFOPLIST_KEY_NSSupportsLiveActivitiesFrequentUpdates = YES;
				INFOPLIST_KEY_UIApplicationSupportsIndirectInputEvents = YES;
				INFOPLIST_KEY_UILaunchScreen_Generation = YES;
				INFOPLIST_KEY_UISupportedInterfaceOrientations_iPad = "UIInterfaceOrientationPortrait UIInterfaceOrientationPortraitUpsideDown UIInterfaceOrientationLandscapeLeft UIInterfaceOrientationLandscapeRight";
				INFOPLIST_KEY_UISupportedInterfaceOrientations_iPhone = "UIInterfaceOrientationPortrait UIInterfaceOrientationLandscapeLeft UIInterfaceOrientationLandscapeRight";
				LD_RUNPATH_SEARCH_PATHS = (
					"$(inherited)",
					"@executable_path/Frameworks",
				);
				MARKETING_VERSION = 1.0;
				PRODUCT_BUNDLE_IDENTIFIER = com.jonathan.VoiceNotes;
				PRODUCT_NAME = "$(TARGET_NAME)";
				SWIFT_EMIT_LOC_STRINGS = YES;
				SWIFT_VERSION = 5.0;
				TARGETED_DEVICE_FAMILY = "1,2";
			};
			name = Debug;
		};
		929A9D842E1BFDD800E3CCB9 /* Release */ = {
			isa = XCBuildConfiguration;
			buildSettings = {
				ASSETCATALOG_COMPILER_APPICON_NAME = AppIcon;
				ASSETCATALOG_COMPILER_GLOBAL_ACCENT_COLOR_NAME = AccentColor;
				CODE_SIGN_ENTITLEMENTS = VoiceNotes/VoiceNotes.entitlements;
				CODE_SIGN_STYLE = Automatic;
				CURRENT_PROJECT_VERSION = 1;
				DEVELOPMENT_TEAM = Z5GPX9NT7Z;
				ENABLE_PREVIEWS = YES;
				GENERATE_INFOPLIST_FILE = YES;
				INFOPLIST_FILE = VoiceNotes/Info.plist;
				INFOPLIST_KEY_LSApplicationCategoryType = "public.app-category.utilities";
				INFOPLIST_KEY_NSMicrophoneUsageDescription = "Used to record your voice notes.";
				INFOPLIST_KEY_NSSpeechRecognitionUsageDescription = "Used to transcribe your voice memos.";
				INFOPLIST_KEY_NSSupportsLiveActivities = YES;
				INFOPLIST_KEY_NSSupportsLiveActivitiesFrequentUpdates = YES;
				INFOPLIST_KEY_UIApplicationSupportsIndirectInputEvents = YES;
				INFOPLIST_KEY_UILaunchScreen_Generation = YES;
				INFOPLIST_KEY_UISupportedInterfaceOrientations_iPad = "UIInterfaceOrientationPortrait UIInterfaceOrientationPortraitUpsideDown UIInterfaceOrientationLandscapeLeft UIInterfaceOrientationLandscapeRight";
				INFOPLIST_KEY_UISupportedInterfaceOrientations_iPhone = "UIInterfaceOrientationPortrait UIInterfaceOrientationLandscapeLeft UIInterfaceOrientationLandscapeRight";
				LD_RUNPATH_SEARCH_PATHS = (
					"$(inherited)",
					"@executable_path/Frameworks",
				);
				MARKETING_VERSION = 1.0;
				PRODUCT_BUNDLE_IDENTIFIER = com.jonathan.VoiceNotes;
				PRODUCT_NAME = "$(TARGET_NAME)";
				SWIFT_EMIT_LOC_STRINGS = YES;
				SWIFT_VERSION = 5.0;
				TARGETED_DEVICE_FAMILY = "1,2";
			};
			name = Release;
		};
		929A9D862E1BFDD800E3CCB9 /* Debug */ = {
			isa = XCBuildConfiguration;
			buildSettings = {
				BUNDLE_LOADER = "$(TEST_HOST)";
				CODE_SIGN_STYLE = Automatic;
				CURRENT_PROJECT_VERSION = 1;
				DEVELOPMENT_TEAM = Z5GPX9NT7Z;
				GENERATE_INFOPLIST_FILE = YES;
				IPHONEOS_DEPLOYMENT_TARGET = 18.5;
				MARKETING_VERSION = 1.0;
				PRODUCT_BUNDLE_IDENTIFIER = com.jonathan.VoiceNotesTests;
				PRODUCT_NAME = "$(TARGET_NAME)";
				SWIFT_EMIT_LOC_STRINGS = NO;
				SWIFT_VERSION = 5.0;
				TARGETED_DEVICE_FAMILY = "1,2";
				TEST_HOST = "$(BUILT_PRODUCTS_DIR)/VoiceNotes.app/$(BUNDLE_EXECUTABLE_FOLDER_PATH)/VoiceNotes";
			};
			name = Debug;
		};
		929A9D872E1BFDD800E3CCB9 /* Release */ = {
			isa = XCBuildConfiguration;
			buildSettings = {
				BUNDLE_LOADER = "$(TEST_HOST)";
				CODE_SIGN_STYLE = Automatic;
				CURRENT_PROJECT_VERSION = 1;
				DEVELOPMENT_TEAM = Z5GPX9NT7Z;
				GENERATE_INFOPLIST_FILE = YES;
				IPHONEOS_DEPLOYMENT_TARGET = 18.5;
				MARKETING_VERSION = 1.0;
				PRODUCT_BUNDLE_IDENTIFIER = com.jonathan.VoiceNotesTests;
				PRODUCT_NAME = "$(TARGET_NAME)";
				SWIFT_EMIT_LOC_STRINGS = NO;
				SWIFT_VERSION = 5.0;
				TARGETED_DEVICE_FAMILY = "1,2";
				TEST_HOST = "$(BUILT_PRODUCTS_DIR)/VoiceNotes.app/$(BUNDLE_EXECUTABLE_FOLDER_PATH)/VoiceNotes";
			};
			name = Release;
		};
		929A9D892E1BFDD800E3CCB9 /* Debug */ = {
			isa = XCBuildConfiguration;
			buildSettings = {
				CODE_SIGN_STYLE = Automatic;
				CURRENT_PROJECT_VERSION = 1;
				DEVELOPMENT_TEAM = Z5GPX9NT7Z;
				GENERATE_INFOPLIST_FILE = YES;
				MARKETING_VERSION = 1.0;
				PRODUCT_BUNDLE_IDENTIFIER = com.jonathan.VoiceNotesUITests;
				PRODUCT_NAME = "$(TARGET_NAME)";
				SWIFT_EMIT_LOC_STRINGS = NO;
				SWIFT_VERSION = 5.0;
				TARGETED_DEVICE_FAMILY = "1,2";
				TEST_TARGET_NAME = VoiceNotes;
			};
			name = Debug;
		};
		929A9D8A2E1BFDD800E3CCB9 /* Release */ = {
			isa = XCBuildConfiguration;
			buildSettings = {
				CODE_SIGN_STYLE = Automatic;
				CURRENT_PROJECT_VERSION = 1;
				DEVELOPMENT_TEAM = Z5GPX9NT7Z;
				GENERATE_INFOPLIST_FILE = YES;
				MARKETING_VERSION = 1.0;
				PRODUCT_BUNDLE_IDENTIFIER = com.jonathan.VoiceNotesUITests;
				PRODUCT_NAME = "$(TARGET_NAME)";
				SWIFT_EMIT_LOC_STRINGS = NO;
				SWIFT_VERSION = 5.0;
				TARGETED_DEVICE_FAMILY = "1,2";
				TEST_TARGET_NAME = VoiceNotes;
			};
			name = Release;
		};
/* End XCBuildConfiguration section */

/* Begin XCConfigurationList section */
		92882B642E21CE9E001BF657 /* Build configuration list for PBXNativeTarget "VoiceNotesWidgetExtension" */ = {
			isa = XCConfigurationList;
			buildConfigurations = (
				92882B622E21CE9E001BF657 /* Debug */,
				92882B632E21CE9E001BF657 /* Release */,
			);
			defaultConfigurationIsVisible = 0;
			defaultConfigurationName = Release;
		};
		929A9D5A2E1BFDD700E3CCB9 /* Build configuration list for PBXProject "VoiceNotes" */ = {
			isa = XCConfigurationList;
			buildConfigurations = (
				929A9D802E1BFDD800E3CCB9 /* Debug */,
				929A9D812E1BFDD800E3CCB9 /* Release */,
			);
			defaultConfigurationIsVisible = 0;
			defaultConfigurationName = Release;
		};
		929A9D822E1BFDD800E3CCB9 /* Build configuration list for PBXNativeTarget "VoiceNotes" */ = {
			isa = XCConfigurationList;
			buildConfigurations = (
				929A9D832E1BFDD800E3CCB9 /* Debug */,
				929A9D842E1BFDD800E3CCB9 /* Release */,
			);
			defaultConfigurationIsVisible = 0;
			defaultConfigurationName = Release;
		};
		929A9D852E1BFDD800E3CCB9 /* Build configuration list for PBXNativeTarget "VoiceNotesTests" */ = {
			isa = XCConfigurationList;
			buildConfigurations = (
				929A9D862E1BFDD800E3CCB9 /* Debug */,
				929A9D872E1BFDD800E3CCB9 /* Release */,
			);
			defaultConfigurationIsVisible = 0;
			defaultConfigurationName = Release;
		};
		929A9D882E1BFDD800E3CCB9 /* Build configuration list for PBXNativeTarget "VoiceNotesUITests" */ = {
			isa = XCConfigurationList;
			buildConfigurations = (
				929A9D892E1BFDD800E3CCB9 /* Debug */,
				929A9D8A2E1BFDD800E3CCB9 /* Release */,
			);
			defaultConfigurationIsVisible = 0;
			defaultConfigurationName = Release;
		};
/* End XCConfigurationList section */
	};
	rootObject = 929A9D572E1BFDD700E3CCB9 /* Project object */;
}
